Microsoft Visual Studio Solution File, Format Version 12.00
# Visual Studio Version 17
VisualStudioVersion = 17.9.34518.117
MinimumVisualStudioVersion = 10.0.40219.1
Project("{9A19103F-16F7-4668-BE54-9A1E7A4F7556}") = "JosephGuadagno.Broadcasting.Domain", "JosephGuadagno.Broadcasting.Domain\JosephGuadagno.Broadcasting.Domain.csproj", "{5B756462-15B1-43FB-BFB0-26B945FFD454}"
EndProject
Project("{9A19103F-16F7-4668-BE54-9A1E7A4F7556}") = "JosephGuadagno.Broadcasting.Data", "JosephGuadagno.Broadcasting.Data\JosephGuadagno.Broadcasting.Data.csproj", "{838E1AC2-C3E6-4BCA-A6A9-28888DFD2A33}"
EndProject
Project("{9A19103F-16F7-4668-BE54-9A1E7A4F7556}") = "JosephGuadagno.Broadcasting.SyndicationFeedReader", "JosephGuadagno.Broadcasting.SyndicationFeedReader\JosephGuadagno.Broadcasting.SyndicationFeedReader.csproj", "{E5D03375-97E6-4236-BE64-785C99A65F56}"
EndProject
Project("{2150E333-8FDC-42A3-9474-1A3956D46DE8}") = "ExtraStuff", "ExtraStuff", "{CA7CFF1F-4DB2-4B9A-BB46-5D922C457D29}"
	ProjectSection(SolutionItems) = preProject
		..\.gitignore = ..\.gitignore
		bitly-tests.http = bitly-tests.http
		..\developer-getting-started.md = ..\developer-getting-started.md
		facebook-access-tokens.http = facebook-access-tokens.http
		function-tests.http = function-tests.http
		..\infrastructure-needs.md = ..\infrastructure-needs.md
		install-libman.ps1 = install-libman.ps1
		libman-restore.ps1 = libman-restore.ps1
		LinkedIn.http = LinkedIn.http
		..\README.md = ..\README.md
		..\CONTRIBUTING.md = ..\CONTRIBUTING.md
		.editorconfig = .editorconfig
	EndProjectSection
EndProject
Project("{9A19103F-16F7-4668-BE54-9A1E7A4F7556}") = "JosephGuadagno.Broadcasting.YouTubeReader", "JosephGuadagno.Broadcasting.YouTubeReader\JosephGuadagno.Broadcasting.YouTubeReader.csproj", "{C7A60E25-3A0F-48BB-97B3-5A4BBD187F0D}"
EndProject
Project("{9A19103F-16F7-4668-BE54-9A1E7A4F7556}") = "JosephGuadagno.Broadcasting.YouTubeReader.Tests", "JosephGuadagno.Broadcasting.YouTubeReader.Tests\JosephGuadagno.Broadcasting.YouTubeReader.Tests.csproj", "{8F9E3C2D-4A5B-6F7C-8D9E-0A1B2C3D4E5F}"
EndProject
Project("{9A19103F-16F7-4668-BE54-9A1E7A4F7556}") = "JosephGuadagno.Broadcasting.SyndicationFeedReader.Tests", "JosephGuadagno.Broadcasting.SyndicationFeedReader.Tests\JosephGuadagno.Broadcasting.SyndicationFeedReader.Tests.csproj", "{55F131EB-35B1-4F78-95BB-3D44BD43D33A}"
EndProject
Project("{9A19103F-16F7-4668-BE54-9A1E7A4F7556}") = "JosephGuadagno.Broadcasting.Data.Sql", "JosephGuadagno.Broadcasting.Data.Sql\JosephGuadagno.Broadcasting.Data.Sql.csproj", "{D4B7D4FC-2CB1-460D-ADFF-73DF5CD6C7C5}"
EndProject
Project("{9A19103F-16F7-4668-BE54-9A1E7A4F7556}") = "JosephGuadagno.Broadcasting.Managers", "JosephGuadagno.Broadcasting.Managers\JosephGuadagno.Broadcasting.Managers.csproj", "{927735BA-6402-4F03-A684-6004F824BE33}"
EndProject
Project("{9A19103F-16F7-4668-BE54-9A1E7A4F7556}") = "JosephGuadagno.Broadcasting.Data.Sql.Tests", "JosephGuadagno.Broadcasting.Data.Sql.Tests\JosephGuadagno.Broadcasting.Data.Sql.Tests.csproj", "{484611B0-CB3F-4CFF-8B80-A78A31775FA7}"
EndProject
Project("{9A19103F-16F7-4668-BE54-9A1E7A4F7556}") = "JosephGuadagno.Broadcasting.Functions.Tests", "JosephGuadagno.Broadcasting.Functions.Tests\JosephGuadagno.Broadcasting.Functions.Tests.csproj", "{D34B771F-E95B-4F72-BB25-64EBE122DADA}"
EndProject
Project("{9A19103F-16F7-4668-BE54-9A1E7A4F7556}") = "JosephGuadagno.Broadcasting.Api", "JosephGuadagno.Broadcasting.Api\JosephGuadagno.Broadcasting.Api.csproj", "{B96A2B19-0F69-44F5-A026-8C9236678FF0}"
EndProject
Project("{9A19103F-16F7-4668-BE54-9A1E7A4F7556}") = "JosephGuadagno.Broadcasting.Web", "JosephGuadagno.Broadcasting.Web\JosephGuadagno.Broadcasting.Web.csproj", "{F13E8DC6-BB76-4D6E-9B38-0680FEA50AEE}"
EndProject
Project("{9A19103F-16F7-4668-BE54-9A1E7A4F7556}") = "JosephGuadagno.Broadcasting.Web.Tests", "JosephGuadagno.Broadcasting.Web.Tests\JosephGuadagno.Broadcasting.Web.Tests.csproj", "{058BC9B3-8937-476B-B124-106DBF288C71}"
EndProject
Project("{9A19103F-16F7-4668-BE54-9A1E7A4F7556}") = "JosephGuadagno.Broadcasting.Managers.Tests", "JosephGuadagno.Broadcasting.Managers.Tests\JosephGuadagno.Broadcasting.Managers.Tests.csproj", "{7AAEF798-21AC-445B-A28A-9975F1FEA230}"
EndProject
Project("{9A19103F-16F7-4668-BE54-9A1E7A4F7556}") = "JosephGuadagno.Broadcasting.Managers.LinkedIn", "JosephGuadagno.Broadcasting.Managers.LinkedIn\JosephGuadagno.Broadcasting.Managers.LinkedIn.csproj", "{8A822F45-945B-42EF-9344-8D37CB519804}"
EndProject
Project("{9A19103F-16F7-4668-BE54-9A1E7A4F7556}") = "JosephGuadagno.Broadcasting.Managers.LinkedIn.Tests", "JosephGuadagno.Broadcasting.Managers.LinkedIn.Tests\JosephGuadagno.Broadcasting.Managers.LinkedIn.Tests.csproj", "{E7360F64-98CB-4A31-8870-B4CB6BA06F03}"
EndProject
Project("{FAE04EC0-301F-11D3-BF4B-00C04F79EFBC}") = "JosephGuadagno.Broadcasting.Functions", "JosephGuadagno.Broadcasting.Functions\JosephGuadagno.Broadcasting.Functions.csproj", "{750071DA-73A8-4E7C-9B0D-CC66D88B73E2}"
EndProject
Project("{FAE04EC0-301F-11D3-BF4B-00C04F79EFBC}") = "JosephGuadagno.Broadcasting.Managers.Facebook", "JosephGuadagno.Broadcasting.Managers.Facebook\JosephGuadagno.Broadcasting.Managers.Facebook.csproj", "{7CF4258F-30C0-462C-B728-2192E8012D1C}"
EndProject
Project("{FAE04EC0-301F-11D3-BF4B-00C04F79EFBC}") = "JosephGuadagno.Broadcasting.Managers.Facebook.Tests", "JosephGuadagno.Broadcasting.Managers.Facebook.Tests\JosephGuadagno.Broadcasting.Managers.Facebook.Tests.csproj", "{8238EB4D-941D-47DB-801D-217DEDB243DB}"
EndProject
Project("{FAE04EC0-301F-11D3-BF4B-00C04F79EFBC}") = "JosephGuadagno.Broadcasting.Serilog", "JosephGuadagno.Broadcasting.Serilog\JosephGuadagno.Broadcasting.Serilog.csproj", "{F9682666-4498-4952-99C9-E5A7B45B7181}"
EndProject
Project("{FAE04EC0-301F-11D3-BF4B-00C04F79EFBC}") = "JosephGuadagno.Broadcasting.Data.KeyVault", "JosephGuadagno.Broadcasting.Data.KeyVault\JosephGuadagno.Broadcasting.Data.KeyVault.csproj", "{BB577939-B003-494C-9DD5-82BE645118EA}"
EndProject
Project("{FAE04EC0-301F-11D3-BF4B-00C04F79EFBC}") = "JosephGuadagno.Broadcasting.FixSourceDataShortUrl", "JosephGuadagno.Broadcasting.FixSourceDataShortUrl\JosephGuadagno.Broadcasting.FixSourceDataShortUrl.csproj", "{AA06FE80-508E-4DC6-AC39-ED0C7E6A520D}"
EndProject
Project("{FAE04EC0-301F-11D3-BF4B-00C04F79EFBC}") = "JosephGuadagno.Broadcasting.Managers.Bluesky", "JosephGuadagno.Broadcasting.Managers.Bluesky\JosephGuadagno.Broadcasting.Managers.Bluesky.csproj", "{BC51D4E3-5E40-4773-B0A9-3027C4AE1384}"
EndProject
Project("{FAE04EC0-301F-11D3-BF4B-00C04F79EFBC}") = "JosephGuadagno.Broadcasting.Managers.Bluesky.Tests", "JosephGuadagno.Broadcasting.Managers.Bluesky.Tests\JosephGuadagno.Broadcasting.Managers.Bluesky.Tests.csproj", "{D109989A-D244-4E9C-A37A-58CD57CDB59D}"
EndProject
Project("{FAE04EC0-301F-11D3-BF4B-00C04F79EFBC}") = "JosephGuadagno.Broadcasting.AppHost", "JosephGuadagno.Broadcasting.AppHost\JosephGuadagno.Broadcasting.AppHost.csproj", "{EBB78BF7-15AE-4B93-92AE-03E83254409B}"
EndProject
Project("{FAE04EC0-301F-11D3-BF4B-00C04F79EFBC}") = "JosephGuadagno.Broadcasting.ServiceDefaults", "JosephGuadagno.Broadcasting.ServiceDefaults\JosephGuadagno.Broadcasting.ServiceDefaults.csproj", "{61B4A889-E116-EC9D-3F51-DA99651740B7}"
EndProject
Project("{2150E333-8FDC-42A3-9474-1A3956D46DE8}") = "AI", "AI", "{95E9F7C6-7B96-4866-9549-388C20DE9FF2}"
EndProject
Project("{2150E333-8FDC-42A3-9474-1A3956D46DE8}") = ".claude", ".claude", "{58861C77-F413-43E8-B303-673A07F37137}"
	ProjectSection(SolutionItems) = preProject
		..\.claude\settings.local.json = ..\.claude\settings.local.json
	EndProjectSection
EndProject
Project("{2150E333-8FDC-42A3-9474-1A3956D46DE8}") = "commands", "commands", "{A6D26BD8-A601-46B6-8734-57E976BB9C4C}"
	ProjectSection(SolutionItems) = preProject
		..\.claude\commands\db-change.md = ..\.claude\commands\db-change.md
		..\.claude\commands\docs.md = ..\.claude\commands\docs.md
		..\.claude\commands\feature.md = ..\.claude\commands\feature.md
		..\.claude\commands\test.md = ..\.claude\commands\test.md
	EndProjectSection
EndProject
Project("{2150E333-8FDC-42A3-9474-1A3956D46DE8}") = "skills", "skills", "{CCF598BD-E1BD-477F-82B3-7C7938628B5B}"
EndProject
Project("{2150E333-8FDC-42A3-9474-1A3956D46DE8}") = "dotnet-feature", "dotnet-feature", "{326362D1-7AE6-4861-A597-30D063875F14}"
	ProjectSection(SolutionItems) = preProject
		..\.claude\skills\dotnet-feature\SKILL.md = ..\.claude\skills\dotnet-feature\SKILL.md
	EndProjectSection
EndProject
Project("{2150E333-8FDC-42A3-9474-1A3956D46DE8}") = "qa-engineer", "qa-engineer", "{3F05D65B-6C57-4FD0-B0CB-1D7C1EF7CDD6}"
	ProjectSection(SolutionItems) = preProject
		..\.claude\skills\qa-engineer\SKILL.md = ..\.claude\skills\qa-engineer\SKILL.md
	EndProjectSection
EndProject
Project("{2150E333-8FDC-42A3-9474-1A3956D46DE8}") = "sql-schema", "sql-schema", "{E510B2B8-C117-4D4C-A740-954BE2C1D154}"
	ProjectSection(SolutionItems) = preProject
		..\.claude\skills\sql-schema\SKILL.md = ..\.claude\skills\sql-schema\SKILL.md
	EndProjectSection
EndProject
Project("{2150E333-8FDC-42A3-9474-1A3956D46DE8}") = ".github", ".github", "{290FCE16-7698-49BD-B80F-9818BD6A96BE}"
	ProjectSection(SolutionItems) = preProject
		..\.github\copilot-instructions.md = ..\.github\copilot-instructions.md
	EndProjectSection
EndProject
Project("{2150E333-8FDC-42A3-9474-1A3956D46DE8}") = "agents", "agents", "{558DF30B-539E-4C11-B1DD-3A07C5E0CD69}"
	ProjectSection(SolutionItems) = preProject
		..\.github\agents\agents.md = ..\.github\agents\agents.md
		..\.github\agents\api-agent.md = ..\.github\agents\api-agent.md
		..\.github\agents\dev-deploy-agent.md = ..\.github\agents\dev-deploy-agent.md
		..\.github\agents\docs-agent.md = ..\.github\agents\docs-agent.md
		..\.github\agents\lint-agent.md = ..\.github\agents\lint-agent.md
		..\.github\agents\test-agent.md = ..\.github\agents\test-agent.md
	EndProjectSection
EndProject
Project("{2150E333-8FDC-42A3-9474-1A3956D46DE8}") = ".junie", ".junie", "{CEDA8D57-0981-429E-B025-FBA84122462D}"
	ProjectSection(SolutionItems) = preProject
		..\.junie\guidelines.md = ..\.junie\guidelines.md
	EndProjectSection
EndProject
Project("{2150E333-8FDC-42A3-9474-1A3956D46DE8}") = "Database", "Database", "{DEF4C9D9-8FF0-497B-A76D-EE256EADD7D1}"
	ProjectSection(SolutionItems) = preProject
		..\scripts\database\data-create.sql = ..\scripts\database\data-create.sql
		..\scripts\database\database-create.sql = ..\scripts\database\database-create.sql
		..\scripts\database\table-create.sql = ..\scripts\database\table-create.sql
		..\scripts\database\truncate-data.sql = ..\scripts\database\truncate-data.sql
		..\scripts\database\reset-feed-check-data-tests-scripts.sql = ..\scripts\database\reset-feed-check-data-tests-scripts.sql
	EndProjectSection
EndProject
Project("{FAE04EC0-301F-11D3-BF4B-00C04F79EFBC}") = "JosephGuadagno.Broadcasting.SpeakingEngagementsReader", "JosephGuadagno.Broadcasting.SpeakingEngagementsReader\JosephGuadagno.Broadcasting.SpeakingEngagementsReader.csproj", "{FC2D8648-E911-466D-8A62-FDAEB4ABC6A8}"
EndProject
Project("{FAE04EC0-301F-11D3-BF4B-00C04F79EFBC}") = "JosephGuadagno.Broadcasting.SpeakingEngagementsReader.Tests", "JosephGuadagno.Broadcasting.SpeakingEngagementsReader.Tests\JosephGuadagno.Broadcasting.SpeakingEngagementsReader.Tests.csproj", "{CC305789-58E4-4DD4-8F0C-7847601B453A}"
EndProject
Project("{2150E333-8FDC-42A3-9474-1A3956D46DE8}") = "Workflows", "Workflows", "{34D40313-BD4C-4946-BF87-3F66F46A7E5D}"
	ProjectSection(SolutionItems) = preProject
		..\.github\workflows\main_api-jjgnet-broadcast.yml = ..\.github\workflows\main_api-jjgnet-broadcast.yml
		..\.github\workflows\main_jjgnet-broadcast.yml = ..\.github\workflows\main_jjgnet-broadcast.yml
		..\.github\workflows\main_web-jjgnet-broadcast.yml = ..\.github\workflows\main_web-jjgnet-broadcast.yml
	EndProjectSection
EndProject
Global
	GlobalSection(SolutionConfigurationPlatforms) = preSolution
		Debug|Any CPU = Debug|Any CPU
		Release|Any CPU = Release|Any CPU
	EndGlobalSection
	GlobalSection(ProjectConfigurationPlatforms) = postSolution
		{5B756462-15B1-43FB-BFB0-26B945FFD454}.Debug|Any CPU.ActiveCfg = Debug|Any CPU
		{5B756462-15B1-43FB-BFB0-26B945FFD454}.Debug|Any CPU.Build.0 = Debug|Any CPU
		{5B756462-15B1-43FB-BFB0-26B945FFD454}.Release|Any CPU.ActiveCfg = Release|Any CPU
		{5B756462-15B1-43FB-BFB0-26B945FFD454}.Release|Any CPU.Build.0 = Release|Any CPU
		{838E1AC2-C3E6-4BCA-A6A9-28888DFD2A33}.Debug|Any CPU.ActiveCfg = Debug|Any CPU
		{838E1AC2-C3E6-4BCA-A6A9-28888DFD2A33}.Debug|Any CPU.Build.0 = Debug|Any CPU
		{838E1AC2-C3E6-4BCA-A6A9-28888DFD2A33}.Release|Any CPU.ActiveCfg = Release|Any CPU
		{838E1AC2-C3E6-4BCA-A6A9-28888DFD2A33}.Release|Any CPU.Build.0 = Release|Any CPU
		{E5D03375-97E6-4236-BE64-785C99A65F56}.Debug|Any CPU.ActiveCfg = Debug|Any CPU
		{E5D03375-97E6-4236-BE64-785C99A65F56}.Debug|Any CPU.Build.0 = Debug|Any CPU
		{E5D03375-97E6-4236-BE64-785C99A65F56}.Release|Any CPU.ActiveCfg = Release|Any CPU
		{E5D03375-97E6-4236-BE64-785C99A65F56}.Release|Any CPU.Build.0 = Release|Any CPU
		{C7A60E25-3A0F-48BB-97B3-5A4BBD187F0D}.Debug|Any CPU.ActiveCfg = Debug|Any CPU
		{C7A60E25-3A0F-48BB-97B3-5A4BBD187F0D}.Debug|Any CPU.Build.0 = Debug|Any CPU
		{C7A60E25-3A0F-48BB-97B3-5A4BBD187F0D}.Release|Any CPU.ActiveCfg = Release|Any CPU
		{C7A60E25-3A0F-48BB-97B3-5A4BBD187F0D}.Release|Any CPU.Build.0 = Release|Any CPU
		{8F9E3C2D-4A5B-6F7C-8D9E-0A1B2C3D4E5F}.Debug|Any CPU.ActiveCfg = Debug|Any CPU
		{8F9E3C2D-4A5B-6F7C-8D9E-0A1B2C3D4E5F}.Debug|Any CPU.Build.0 = Debug|Any CPU
		{8F9E3C2D-4A5B-6F7C-8D9E-0A1B2C3D4E5F}.Release|Any CPU.ActiveCfg = Release|Any CPU
		{8F9E3C2D-4A5B-6F7C-8D9E-0A1B2C3D4E5F}.Release|Any CPU.Build.0 = Release|Any CPU
		{55F131EB-35B1-4F78-95BB-3D44BD43D33A}.Debug|Any CPU.ActiveCfg = Debug|Any CPU
		{55F131EB-35B1-4F78-95BB-3D44BD43D33A}.Debug|Any CPU.Build.0 = Debug|Any CPU
		{55F131EB-35B1-4F78-95BB-3D44BD43D33A}.Release|Any CPU.ActiveCfg = Release|Any CPU
		{55F131EB-35B1-4F78-95BB-3D44BD43D33A}.Release|Any CPU.Build.0 = Release|Any CPU
		{D4B7D4FC-2CB1-460D-ADFF-73DF5CD6C7C5}.Debug|Any CPU.ActiveCfg = Debug|Any CPU
		{D4B7D4FC-2CB1-460D-ADFF-73DF5CD6C7C5}.Debug|Any CPU.Build.0 = Debug|Any CPU
		{D4B7D4FC-2CB1-460D-ADFF-73DF5CD6C7C5}.Release|Any CPU.ActiveCfg = Release|Any CPU
		{D4B7D4FC-2CB1-460D-ADFF-73DF5CD6C7C5}.Release|Any CPU.Build.0 = Release|Any CPU
		{927735BA-6402-4F03-A684-6004F824BE33}.Debug|Any CPU.ActiveCfg = Debug|Any CPU
		{927735BA-6402-4F03-A684-6004F824BE33}.Debug|Any CPU.Build.0 = Debug|Any CPU
		{927735BA-6402-4F03-A684-6004F824BE33}.Release|Any CPU.ActiveCfg = Release|Any CPU
		{927735BA-6402-4F03-A684-6004F824BE33}.Release|Any CPU.Build.0 = Release|Any CPU
		{484611B0-CB3F-4CFF-8B80-A78A31775FA7}.Debug|Any CPU.ActiveCfg = Debug|Any CPU
		{484611B0-CB3F-4CFF-8B80-A78A31775FA7}.Debug|Any CPU.Build.0 = Debug|Any CPU
		{484611B0-CB3F-4CFF-8B80-A78A31775FA7}.Release|Any CPU.ActiveCfg = Release|Any CPU
		{D34B771F-E95B-4F72-BB25-64EBE122DADA}.Debug|Any CPU.ActiveCfg = Debug|Any CPU
		{D34B771F-E95B-4F72-BB25-64EBE122DADA}.Debug|Any CPU.Build.0 = Debug|Any CPU
		{D34B771F-E95B-4F72-BB25-64EBE122DADA}.Release|Any CPU.ActiveCfg = Release|Any CPU
		{D34B771F-E95B-4F72-BB25-64EBE122DADA}.Release|Any CPU.Build.0 = Release|Any CPU
		{B96A2B19-0F69-44F5-A026-8C9236678FF0}.Debug|Any CPU.ActiveCfg = Debug|Any CPU
		{B96A2B19-0F69-44F5-A026-8C9236678FF0}.Debug|Any CPU.Build.0 = Debug|Any CPU
		{B96A2B19-0F69-44F5-A026-8C9236678FF0}.Release|Any CPU.ActiveCfg = Release|Any CPU
		{B96A2B19-0F69-44F5-A026-8C9236678FF0}.Release|Any CPU.Build.0 = Release|Any CPU
		{F13E8DC6-BB76-4D6E-9B38-0680FEA50AEE}.Debug|Any CPU.ActiveCfg = Debug|Any CPU
		{F13E8DC6-BB76-4D6E-9B38-0680FEA50AEE}.Debug|Any CPU.Build.0 = Debug|Any CPU
		{F13E8DC6-BB76-4D6E-9B38-0680FEA50AEE}.Release|Any CPU.ActiveCfg = Release|Any CPU
		{F13E8DC6-BB76-4D6E-9B38-0680FEA50AEE}.Release|Any CPU.Build.0 = Release|Any CPU
		{058BC9B3-8937-476B-B124-106DBF288C71}.Debug|Any CPU.ActiveCfg = Debug|Any CPU
		{058BC9B3-8937-476B-B124-106DBF288C71}.Debug|Any CPU.Build.0 = Debug|Any CPU
		{058BC9B3-8937-476B-B124-106DBF288C71}.Release|Any CPU.ActiveCfg = Release|Any CPU
		{058BC9B3-8937-476B-B124-106DBF288C71}.Release|Any CPU.Build.0 = Release|Any CPU
		{7AAEF798-21AC-445B-A28A-9975F1FEA230}.Debug|Any CPU.ActiveCfg = Debug|Any CPU
		{7AAEF798-21AC-445B-A28A-9975F1FEA230}.Debug|Any CPU.Build.0 = Debug|Any CPU
		{7AAEF798-21AC-445B-A28A-9975F1FEA230}.Release|Any CPU.ActiveCfg = Release|Any CPU
		{7AAEF798-21AC-445B-A28A-9975F1FEA230}.Release|Any CPU.Build.0 = Release|Any CPU
		{8A822F45-945B-42EF-9344-8D37CB519804}.Debug|Any CPU.ActiveCfg = Debug|Any CPU
		{8A822F45-945B-42EF-9344-8D37CB519804}.Debug|Any CPU.Build.0 = Debug|Any CPU
		{8A822F45-945B-42EF-9344-8D37CB519804}.Release|Any CPU.ActiveCfg = Release|Any CPU
		{8A822F45-945B-42EF-9344-8D37CB519804}.Release|Any CPU.Build.0 = Release|Any CPU
		{E7360F64-98CB-4A31-8870-B4CB6BA06F03}.Debug|Any CPU.ActiveCfg = Debug|Any CPU
		{E7360F64-98CB-4A31-8870-B4CB6BA06F03}.Debug|Any CPU.Build.0 = Debug|Any CPU
		{E7360F64-98CB-4A31-8870-B4CB6BA06F03}.Release|Any CPU.ActiveCfg = Release|Any CPU
		{E7360F64-98CB-4A31-8870-B4CB6BA06F03}.Release|Any CPU.Build.0 = Release|Any CPU
		{750071DA-73A8-4E7C-9B0D-CC66D88B73E2}.Debug|Any CPU.ActiveCfg = Debug|Any CPU
		{750071DA-73A8-4E7C-9B0D-CC66D88B73E2}.Debug|Any CPU.Build.0 = Debug|Any CPU
		{750071DA-73A8-4E7C-9B0D-CC66D88B73E2}.Release|Any CPU.ActiveCfg = Release|Any CPU
		{750071DA-73A8-4E7C-9B0D-CC66D88B73E2}.Release|Any CPU.Build.0 = Release|Any CPU
		{7CF4258F-30C0-462C-B728-2192E8012D1C}.Debug|Any CPU.ActiveCfg = Debug|Any CPU
		{7CF4258F-30C0-462C-B728-2192E8012D1C}.Debug|Any CPU.Build.0 = Debug|Any CPU
		{7CF4258F-30C0-462C-B728-2192E8012D1C}.Release|Any CPU.ActiveCfg = Release|Any CPU
		{7CF4258F-30C0-462C-B728-2192E8012D1C}.Release|Any CPU.Build.0 = Release|Any CPU
		{8238EB4D-941D-47DB-801D-217DEDB243DB}.Debug|Any CPU.ActiveCfg = Debug|Any CPU
		{8238EB4D-941D-47DB-801D-217DEDB243DB}.Debug|Any CPU.Build.0 = Debug|Any CPU
		{8238EB4D-941D-47DB-801D-217DEDB243DB}.Release|Any CPU.ActiveCfg = Release|Any CPU
		{8238EB4D-941D-47DB-801D-217DEDB243DB}.Release|Any CPU.Build.0 = Release|Any CPU
		{F9682666-4498-4952-99C9-E5A7B45B7181}.Debug|Any CPU.ActiveCfg = Debug|Any CPU
		{F9682666-4498-4952-99C9-E5A7B45B7181}.Debug|Any CPU.Build.0 = Debug|Any CPU
		{F9682666-4498-4952-99C9-E5A7B45B7181}.Release|Any CPU.ActiveCfg = Release|Any CPU
		{F9682666-4498-4952-99C9-E5A7B45B7181}.Release|Any CPU.Build.0 = Release|Any CPU
		{BB577939-B003-494C-9DD5-82BE645118EA}.Debug|Any CPU.ActiveCfg = Debug|Any CPU
		{BB577939-B003-494C-9DD5-82BE645118EA}.Debug|Any CPU.Build.0 = Debug|Any CPU
		{BB577939-B003-494C-9DD5-82BE645118EA}.Release|Any CPU.ActiveCfg = Release|Any CPU
		{BB577939-B003-494C-9DD5-82BE645118EA}.Release|Any CPU.Build.0 = Release|Any CPU
		{AA06FE80-508E-4DC6-AC39-ED0C7E6A520D}.Debug|Any CPU.ActiveCfg = Debug|Any CPU
		{AA06FE80-508E-4DC6-AC39-ED0C7E6A520D}.Debug|Any CPU.Build.0 = Debug|Any CPU
		{AA06FE80-508E-4DC6-AC39-ED0C7E6A520D}.Release|Any CPU.ActiveCfg = Release|Any CPU
		{AA06FE80-508E-4DC6-AC39-ED0C7E6A520D}.Release|Any CPU.Build.0 = Release|Any CPU
		{BC51D4E3-5E40-4773-B0A9-3027C4AE1384}.Debug|Any CPU.ActiveCfg = Debug|Any CPU
		{BC51D4E3-5E40-4773-B0A9-3027C4AE1384}.Debug|Any CPU.Build.0 = Debug|Any CPU
		{BC51D4E3-5E40-4773-B0A9-3027C4AE1384}.Release|Any CPU.ActiveCfg = Release|Any CPU
		{BC51D4E3-5E40-4773-B0A9-3027C4AE1384}.Release|Any CPU.Build.0 = Release|Any CPU
		{D109989A-D244-4E9C-A37A-58CD57CDB59D}.Debug|Any CPU.ActiveCfg = Debug|Any CPU
		{D109989A-D244-4E9C-A37A-58CD57CDB59D}.Debug|Any CPU.Build.0 = Debug|Any CPU
		{D109989A-D244-4E9C-A37A-58CD57CDB59D}.Release|Any CPU.ActiveCfg = Release|Any CPU
		{D109989A-D244-4E9C-A37A-58CD57CDB59D}.Release|Any CPU.Build.0 = Release|Any CPU
		{EBB78BF7-15AE-4B93-92AE-03E83254409B}.Debug|Any CPU.ActiveCfg = Debug|Any CPU
		{EBB78BF7-15AE-4B93-92AE-03E83254409B}.Debug|Any CPU.Build.0 = Debug|Any CPU
		{EBB78BF7-15AE-4B93-92AE-03E83254409B}.Release|Any CPU.ActiveCfg = Release|Any CPU
		{EBB78BF7-15AE-4B93-92AE-03E83254409B}.Release|Any CPU.Build.0 = Release|Any CPU
		{61B4A889-E116-EC9D-3F51-DA99651740B7}.Debug|Any CPU.ActiveCfg = Debug|Any CPU
		{61B4A889-E116-EC9D-3F51-DA99651740B7}.Debug|Any CPU.Build.0 = Debug|Any CPU
		{61B4A889-E116-EC9D-3F51-DA99651740B7}.Release|Any CPU.ActiveCfg = Release|Any CPU
		{61B4A889-E116-EC9D-3F51-DA99651740B7}.Release|Any CPU.Build.0 = Release|Any CPU
		{FC2D8648-E911-466D-8A62-FDAEB4ABC6A8}.Debug|Any CPU.ActiveCfg = Debug|Any CPU
		{FC2D8648-E911-466D-8A62-FDAEB4ABC6A8}.Debug|Any CPU.Build.0 = Debug|Any CPU
		{FC2D8648-E911-466D-8A62-FDAEB4ABC6A8}.Release|Any CPU.ActiveCfg = Release|Any CPU
		{FC2D8648-E911-466D-8A62-FDAEB4ABC6A8}.Release|Any CPU.Build.0 = Release|Any CPU
		{CC305789-58E4-4DD4-8F0C-7847601B453A}.Debug|Any CPU.ActiveCfg = Debug|Any CPU
		{CC305789-58E4-4DD4-8F0C-7847601B453A}.Debug|Any CPU.Build.0 = Debug|Any CPU
		{CC305789-58E4-4DD4-8F0C-7847601B453A}.Release|Any CPU.ActiveCfg = Release|Any CPU
		{CC305789-58E4-4DD4-8F0C-7847601B453A}.Release|Any CPU.Build.0 = Release|Any CPU
	EndGlobalSection
	GlobalSection(SolutionProperties) = preSolution
		HideSolutionNode = FALSE
	EndGlobalSection
	GlobalSection(ExtensibilityGlobals) = postSolution
		SolutionGuid = {2AE5E501-D335-4D3F-9431-F8EFC70886E2}
	EndGlobalSection
	GlobalSection(NestedProjects) = preSolution
		{58861C77-F413-43E8-B303-673A07F37137} = {95E9F7C6-7B96-4866-9549-388C20DE9FF2}
		{A6D26BD8-A601-46B6-8734-57E976BB9C4C} = {58861C77-F413-43E8-B303-673A07F37137}
		{CCF598BD-E1BD-477F-82B3-7C7938628B5B} = {58861C77-F413-43E8-B303-673A07F37137}
		{326362D1-7AE6-4861-A597-30D063875F14} = {CCF598BD-E1BD-477F-82B3-7C7938628B5B}
		{3F05D65B-6C57-4FD0-B0CB-1D7C1EF7CDD6} = {CCF598BD-E1BD-477F-82B3-7C7938628B5B}
		{E510B2B8-C117-4D4C-A740-954BE2C1D154} = {CCF598BD-E1BD-477F-82B3-7C7938628B5B}
		{290FCE16-7698-49BD-B80F-9818BD6A96BE} = {95E9F7C6-7B96-4866-9549-388C20DE9FF2}
		{558DF30B-539E-4C11-B1DD-3A07C5E0CD69} = {290FCE16-7698-49BD-B80F-9818BD6A96BE}
		{CEDA8D57-0981-429E-B025-FBA84122462D} = {95E9F7C6-7B96-4866-9549-388C20DE9FF2}
	EndGlobalSection
EndGlobal
