Microsoft Visual Studio Solution File, Format Version 12.00
# Visual Studio Version 17
VisualStudioVersion = 17.9.34518.117
MinimumVisualStudioVersion = 10.0.40219.1
Project("{9A19103F-16F7-4668-BE54-9A1E7A4F7556}") = "JosephGuadagno.Broadcasting.Domain", "JosephGuadagno.Broadcasting.Domain\JosephGuadagno.Broadcasting.Domain.csproj", "{5B756462-15B1-43FB-BFB0-26B945FFD454}"
EndProject
Project("{9A19103F-16F7-4668-BE54-9A1E7A4F7556}") = "JosephGuadagno.Broadcasting.Data", "JosephGuadagno.Broadcasting.Data\JosephGuadagno.Broadcasting.Data.csproj", "{838E1AC2-C3E6-4BCA-A6A9-28888DFD2A33}"
EndProject
Project("{9A19103F-16F7-4668-BE54-9A1E7A4F7556}") = "JosephGuadagno.Broadcasting.SyndicationFeedReader", "JosephGuadagno.Broadcasting.SyndicationFeedReader\JosephGuadagno.Broadcasting.SyndicationFeedReader.csproj", "{E5D03375-97E6-4236-BE64-785C99A65F56}"
EndProject
Project("{2150E333-8FDC-42A3-9474-1A3956D46DE8}") = "ExtraStuff", "ExtraStuff", "{CA7CFF1F-4DB2-4B9A-BB46-5D922C457D29}"
	ProjectSection(SolutionItems) = preProject
		..\.gitignore = ..\.gitignore
		..\scripts\database-create.sql = ..\scripts\database-create.sql
		..\developer-getting-started.md = ..\developer-getting-started.md
		facebook-access-tokens.http = facebook-access-tokens.http
		..\infrastructure-needs.md = ..\infrastructure-needs.md
		install-libman.ps1 = install-libman.ps1
		libman-restore.ps1 = libman-restore.ps1
		LinkedIn.http = LinkedIn.http
		..\.github\workflows\publish-api-to-azure.yml = ..\.github\workflows\publish-api-to-azure.yml
		..\.github\workflows\publish-to-azure-function.yml = ..\.github\workflows\publish-to-azure-function.yml
		..\.github\workflows\publish-web-app-to-azure.yml = ..\.github\workflows\publish-web-app-to-azure.yml
		..\README.md = ..\README.md
		..\scripts\table-create.sql = ..\scripts\table-create.sql
	EndProjectSection
EndProject
Project("{9A19103F-16F7-4668-BE54-9A1E7A4F7556}") = "JosephGuadagno.Broadcasting.Functions", "JosephGuadagno.Broadcasting.Functions\JosephGuadagno.Broadcasting.Functions.csproj", "{3982BC47-81CD-4D61-82D6-17749CB36032}"
EndProject
Project("{9A19103F-16F7-4668-BE54-9A1E7A4F7556}") = "JosephGuadagno.Broadcasting.JsonFeedReader", "JosephGuadagno.Broadcasting.JsonFeedReader\JosephGuadagno.Broadcasting.JsonFeedReader.csproj", "{1D657E6A-948D-4884-B6BD-76BA346F93FF}"
EndProject
Project("{9A19103F-16F7-4668-BE54-9A1E7A4F7556}") = "JosephGuadagno.Broadcasting.YouTubeReader", "JosephGuadagno.Broadcasting.YouTubeReader\JosephGuadagno.Broadcasting.YouTubeReader.csproj", "{C7A60E25-3A0F-48BB-97B3-5A4BBD187F0D}"
EndProject
Project("{9A19103F-16F7-4668-BE54-9A1E7A4F7556}") = "JosephGuadagno.Broadcasting.SyndicationFeedReader.Tests", "JosephGuadagno.Broadcasting.SyndicationFeedReader.Tests\JosephGuadagno.Broadcasting.SyndicationFeedReader.Tests.csproj", "{55F131EB-35B1-4F78-95BB-3D44BD43D33A}"
EndProject
Project("{9A19103F-16F7-4668-BE54-9A1E7A4F7556}") = "JosephGuadagno.Broadcasting.Data.Sql", "JosephGuadagno.Broadcasting.Data.Sql\JosephGuadagno.Broadcasting.Data.Sql.csproj", "{D4B7D4FC-2CB1-460D-ADFF-73DF5CD6C7C5}"
EndProject
Project("{9A19103F-16F7-4668-BE54-9A1E7A4F7556}") = "JosephGuadagno.Broadcasting.Managers", "JosephGuadagno.Broadcasting.Managers\JosephGuadagno.Broadcasting.Managers.csproj", "{927735BA-6402-4F03-A684-6004F824BE33}"
EndProject
Project("{9A19103F-16F7-4668-BE54-9A1E7A4F7556}") = "JosephGuadagno.Broadcasting.Data.Sql.Tests", "JosephGuadagno.Broadcasting.Data.Sql.Tests\JosephGuadagno.Broadcasting.Data.Sql.Tests.csproj", "{484611B0-CB3F-4CFF-8B80-A78A31775FA7}"
EndProject
Project("{9A19103F-16F7-4668-BE54-9A1E7A4F7556}") = "JosephGuadagno.Broadcasting.Functions.Tests", "JosephGuadagno.Broadcasting.Functions.Tests\JosephGuadagno.Broadcasting.Functions.Tests.csproj", "{D34B771F-E95B-4F72-BB25-64EBE122DADA}"
EndProject
Project("{9A19103F-16F7-4668-BE54-9A1E7A4F7556}") = "JosephGuadagno.Broadcasting.Api", "JosephGuadagno.Broadcasting.Api\JosephGuadagno.Broadcasting.Api.csproj", "{B96A2B19-0F69-44F5-A026-8C9236678FF0}"
EndProject
Project("{9A19103F-16F7-4668-BE54-9A1E7A4F7556}") = "JosephGuadagno.Broadcasting.Web", "JosephGuadagno.Broadcasting.Web\JosephGuadagno.Broadcasting.Web.csproj", "{F13E8DC6-BB76-4D6E-9B38-0680FEA50AEE}"
EndProject
Project("{9A19103F-16F7-4668-BE54-9A1E7A4F7556}") = "JosephGuadagno.Broadcasting.Web.Tests", "JosephGuadagno.Broadcasting.Web.Tests\JosephGuadagno.Broadcasting.Web.Tests.csproj", "{058BC9B3-8937-476B-B124-106DBF288C71}"
EndProject
Project("{9A19103F-16F7-4668-BE54-9A1E7A4F7556}") = "JosephGuadagno.Broadcasting.Managers.Tests", "JosephGuadagno.Broadcasting.Managers.Tests\JosephGuadagno.Broadcasting.Managers.Tests.csproj", "{7AAEF798-21AC-445B-A28A-9975F1FEA230}"
EndProject
Project("{9A19103F-16F7-4668-BE54-9A1E7A4F7556}") = "JosephGuadagno.Broadcasting.Managers.LinkedIn", "JosephGuadagno.Broadcasting.Managers.LinkedIn\JosephGuadagno.Broadcasting.Managers.LinkedIn.csproj", "{8A822F45-945B-42EF-9344-8D37CB519804}"
EndProject
Project("{9A19103F-16F7-4668-BE54-9A1E7A4F7556}") = "JosephGuadagno.Broadcasting.Managers.LinkedIn.Tests", "JosephGuadagno.Broadcasting.Managers.LinkedIn.Tests\JosephGuadagno.Broadcasting.Managers.LinkedIn.Tests.csproj", "{E7360F64-98CB-4A31-8870-B4CB6BA06F03}"
EndProject
Global
	GlobalSection(SolutionConfigurationPlatforms) = preSolution
		Debug|Any CPU = Debug|Any CPU
		Release|Any CPU = Release|Any CPU
	EndGlobalSection
	GlobalSection(ProjectConfigurationPlatforms) = postSolution
		{5B756462-15B1-43FB-BFB0-26B945FFD454}.Debug|Any CPU.ActiveCfg = Debug|Any CPU
		{5B756462-15B1-43FB-BFB0-26B945FFD454}.Debug|Any CPU.Build.0 = Debug|Any CPU
		{5B756462-15B1-43FB-BFB0-26B945FFD454}.Release|Any CPU.ActiveCfg = Release|Any CPU
		{5B756462-15B1-43FB-BFB0-26B945FFD454}.Release|Any CPU.Build.0 = Release|Any CPU
		{838E1AC2-C3E6-4BCA-A6A9-28888DFD2A33}.Debug|Any CPU.ActiveCfg = Debug|Any CPU
		{838E1AC2-C3E6-4BCA-A6A9-28888DFD2A33}.Debug|Any CPU.Build.0 = Debug|Any CPU
		{838E1AC2-C3E6-4BCA-A6A9-28888DFD2A33}.Release|Any CPU.ActiveCfg = Release|Any CPU
		{838E1AC2-C3E6-4BCA-A6A9-28888DFD2A33}.Release|Any CPU.Build.0 = Release|Any CPU
		{E5D03375-97E6-4236-BE64-785C99A65F56}.Debug|Any CPU.ActiveCfg = Debug|Any CPU
		{E5D03375-97E6-4236-BE64-785C99A65F56}.Debug|Any CPU.Build.0 = Debug|Any CPU
		{E5D03375-97E6-4236-BE64-785C99A65F56}.Release|Any CPU.ActiveCfg = Release|Any CPU
		{E5D03375-97E6-4236-BE64-785C99A65F56}.Release|Any CPU.Build.0 = Release|Any CPU
		{3982BC47-81CD-4D61-82D6-17749CB36032}.Debug|Any CPU.ActiveCfg = Debug|Any CPU
		{3982BC47-81CD-4D61-82D6-17749CB36032}.Debug|Any CPU.Build.0 = Debug|Any CPU
		{3982BC47-81CD-4D61-82D6-17749CB36032}.Release|Any CPU.ActiveCfg = Release|Any CPU
		{3982BC47-81CD-4D61-82D6-17749CB36032}.Release|Any CPU.Build.0 = Release|Any CPU
		{1D657E6A-948D-4884-B6BD-76BA346F93FF}.Debug|Any CPU.ActiveCfg = Debug|Any CPU
		{1D657E6A-948D-4884-B6BD-76BA346F93FF}.Debug|Any CPU.Build.0 = Debug|Any CPU
		{1D657E6A-948D-4884-B6BD-76BA346F93FF}.Release|Any CPU.ActiveCfg = Release|Any CPU
		{1D657E6A-948D-4884-B6BD-76BA346F93FF}.Release|Any CPU.Build.0 = Release|Any CPU
		{C7A60E25-3A0F-48BB-97B3-5A4BBD187F0D}.Debug|Any CPU.ActiveCfg = Debug|Any CPU
		{C7A60E25-3A0F-48BB-97B3-5A4BBD187F0D}.Debug|Any CPU.Build.0 = Debug|Any CPU
		{C7A60E25-3A0F-48BB-97B3-5A4BBD187F0D}.Release|Any CPU.ActiveCfg = Release|Any CPU
		{C7A60E25-3A0F-48BB-97B3-5A4BBD187F0D}.Release|Any CPU.Build.0 = Release|Any CPU
		{55F131EB-35B1-4F78-95BB-3D44BD43D33A}.Debug|Any CPU.ActiveCfg = Debug|Any CPU
		{55F131EB-35B1-4F78-95BB-3D44BD43D33A}.Debug|Any CPU.Build.0 = Debug|Any CPU
		{55F131EB-35B1-4F78-95BB-3D44BD43D33A}.Release|Any CPU.ActiveCfg = Release|Any CPU
		{55F131EB-35B1-4F78-95BB-3D44BD43D33A}.Release|Any CPU.Build.0 = Release|Any CPU
		{D4B7D4FC-2CB1-460D-ADFF-73DF5CD6C7C5}.Debug|Any CPU.ActiveCfg = Debug|Any CPU
		{D4B7D4FC-2CB1-460D-ADFF-73DF5CD6C7C5}.Debug|Any CPU.Build.0 = Debug|Any CPU
		{D4B7D4FC-2CB1-460D-ADFF-73DF5CD6C7C5}.Release|Any CPU.ActiveCfg = Release|Any CPU
		{D4B7D4FC-2CB1-460D-ADFF-73DF5CD6C7C5}.Release|Any CPU.Build.0 = Release|Any CPU
		{927735BA-6402-4F03-A684-6004F824BE33}.Debug|Any CPU.ActiveCfg = Debug|Any CPU
		{927735BA-6402-4F03-A684-6004F824BE33}.Debug|Any CPU.Build.0 = Debug|Any CPU
		{927735BA-6402-4F03-A684-6004F824BE33}.Release|Any CPU.ActiveCfg = Release|Any CPU
		{927735BA-6402-4F03-A684-6004F824BE33}.Release|Any CPU.Build.0 = Release|Any CPU
		{484611B0-CB3F-4CFF-8B80-A78A31775FA7}.Debug|Any CPU.ActiveCfg = Debug|Any CPU
		{484611B0-CB3F-4CFF-8B80-A78A31775FA7}.Debug|Any CPU.Build.0 = Debug|Any CPU
		{484611B0-CB3F-4CFF-8B80-A78A31775FA7}.Release|Any CPU.ActiveCfg = Release|Any CPU
		{D34B771F-E95B-4F72-BB25-64EBE122DADA}.Debug|Any CPU.ActiveCfg = Debug|Any CPU
		{D34B771F-E95B-4F72-BB25-64EBE122DADA}.Debug|Any CPU.Build.0 = Debug|Any CPU
		{D34B771F-E95B-4F72-BB25-64EBE122DADA}.Release|Any CPU.ActiveCfg = Release|Any CPU
		{D34B771F-E95B-4F72-BB25-64EBE122DADA}.Release|Any CPU.Build.0 = Release|Any CPU
		{B96A2B19-0F69-44F5-A026-8C9236678FF0}.Debug|Any CPU.ActiveCfg = Debug|Any CPU
		{B96A2B19-0F69-44F5-A026-8C9236678FF0}.Debug|Any CPU.Build.0 = Debug|Any CPU
		{B96A2B19-0F69-44F5-A026-8C9236678FF0}.Release|Any CPU.ActiveCfg = Release|Any CPU
		{B96A2B19-0F69-44F5-A026-8C9236678FF0}.Release|Any CPU.Build.0 = Release|Any CPU
		{F13E8DC6-BB76-4D6E-9B38-0680FEA50AEE}.Debug|Any CPU.ActiveCfg = Debug|Any CPU
		{F13E8DC6-BB76-4D6E-9B38-0680FEA50AEE}.Debug|Any CPU.Build.0 = Debug|Any CPU
		{F13E8DC6-BB76-4D6E-9B38-0680FEA50AEE}.Release|Any CPU.ActiveCfg = Release|Any CPU
		{F13E8DC6-BB76-4D6E-9B38-0680FEA50AEE}.Release|Any CPU.Build.0 = Release|Any CPU
		{058BC9B3-8937-476B-B124-106DBF288C71}.Debug|Any CPU.ActiveCfg = Debug|Any CPU
		{058BC9B3-8937-476B-B124-106DBF288C71}.Debug|Any CPU.Build.0 = Debug|Any CPU
		{058BC9B3-8937-476B-B124-106DBF288C71}.Release|Any CPU.ActiveCfg = Release|Any CPU
		{058BC9B3-8937-476B-B124-106DBF288C71}.Release|Any CPU.Build.0 = Release|Any CPU
		{7AAEF798-21AC-445B-A28A-9975F1FEA230}.Debug|Any CPU.ActiveCfg = Debug|Any CPU
		{7AAEF798-21AC-445B-A28A-9975F1FEA230}.Debug|Any CPU.Build.0 = Debug|Any CPU
		{7AAEF798-21AC-445B-A28A-9975F1FEA230}.Release|Any CPU.ActiveCfg = Release|Any CPU
		{7AAEF798-21AC-445B-A28A-9975F1FEA230}.Release|Any CPU.Build.0 = Release|Any CPU
		{8A822F45-945B-42EF-9344-8D37CB519804}.Debug|Any CPU.ActiveCfg = Debug|Any CPU
		{8A822F45-945B-42EF-9344-8D37CB519804}.Debug|Any CPU.Build.0 = Debug|Any CPU
		{8A822F45-945B-42EF-9344-8D37CB519804}.Release|Any CPU.ActiveCfg = Release|Any CPU
		{8A822F45-945B-42EF-9344-8D37CB519804}.Release|Any CPU.Build.0 = Release|Any CPU
		{E7360F64-98CB-4A31-8870-B4CB6BA06F03}.Debug|Any CPU.ActiveCfg = Debug|Any CPU
		{E7360F64-98CB-4A31-8870-B4CB6BA06F03}.Debug|Any CPU.Build.0 = Debug|Any CPU
		{E7360F64-98CB-4A31-8870-B4CB6BA06F03}.Release|Any CPU.ActiveCfg = Release|Any CPU
		{E7360F64-98CB-4A31-8870-B4CB6BA06F03}.Release|Any CPU.Build.0 = Release|Any CPU
	EndGlobalSection
	GlobalSection(SolutionProperties) = preSolution
		HideSolutionNode = FALSE
	EndGlobalSection
	GlobalSection(ExtensibilityGlobals) = postSolution
		SolutionGuid = {2AE5E501-D335-4D3F-9431-F8EFC70886E2}
	EndGlobalSection
EndGlobal
